
Microsoft Visual Studio Solution File, Format Version 12.00
# Visual Studio Version 17
VisualStudioVersion = 17.6.33723.286
MinimumVisualStudioVersion = 10.0.40219.1
Project("{FAE04EC0-301F-11D3-BF4B-00C04F79EFBC}") = "Dapper.sqlprocedure.api", "Dapper.sqlprocedure.api\Dapper.sqlprocedure.api.csproj", "{07FD1A79-B8F5-4BE0-B97E-CB535AD287D6}"
EndProject
Global
	GlobalSection(SolutionConfigurationPlatforms) = preSolution
		Debug|Any CPU = Debug|Any CPU
		Release|Any CPU = Release|Any CPU
	EndGlobalSection
	GlobalSection(ProjectConfigurationPlatforms) = postSolution
		{07FD1A79-B8F5-4BE0-B97E-CB535AD287D6}.Debug|Any CPU.ActiveCfg = Debug|Any CPU
		{07FD1A79-B8F5-4BE0-B97E-CB535AD287D6}.Debug|Any CPU.Build.0 = Debug|Any CPU
		{07FD1A79-B8F5-4BE0-B97E-CB535AD287D6}.Release|Any CPU.ActiveCfg = Release|Any CPU
		{07FD1A79-B8F5-4BE0-B97E-CB535AD287D6}.Release|Any CPU.Build.0 = Release|Any CPU
	EndGlobalSection
	GlobalSection(SolutionProperties) = preSolution
		HideSolutionNode = FALSE
	EndGlobalSection
	GlobalSection(ExtensibilityGlobals) = postSolution
		SolutionGuid = {0E3A1F5C-9AB9-4C66-A567-97DF7977FB2C}
	EndGlobalSection
EndGlobal
